// !$*UTF8*$!
{
	archiveVersion = 1;
	classes = {
	};
	objectVersion = 56;
	objects = {

/* Begin PBXBuildFile section */
		5DC1BCDB2B2D7BD800A6C737 /* QuestionViewControllerTest.swift in Sources */ = {isa = PBXBuildFile; fileRef = 5DC1BCDA2B2D7BD800A6C737 /* QuestionViewControllerTest.swift */; };
		5DC1BCDD2B2D7CEE00A6C737 /* QuestionViewController.swift in Sources */ = {isa = PBXBuildFile; fileRef = 5DC1BCDC2B2D7CEE00A6C737 /* QuestionViewController.swift */; };
		5DC1BCDF2B2D7DBD00A6C737 /* QuestionViewController.xib in Resources */ = {isa = PBXBuildFile; fileRef = 5DC1BCDE2B2D7DBD00A6C737 /* QuestionViewController.xib */; };
		5DEC23D42B2D79F700B6369A /* AppDelegate.swift in Sources */ = {isa = PBXBuildFile; fileRef = 5DEC23D32B2D79F700B6369A /* AppDelegate.swift */; };
		5DEC23DD2B2D79F800B6369A /* Assets.xcassets in Resources */ = {isa = PBXBuildFile; fileRef = 5DEC23DC2B2D79F800B6369A /* Assets.xcassets */; };
		5DEC23E02B2D79F800B6369A /* LaunchScreen.storyboard in Resources */ = {isa = PBXBuildFile; fileRef = 5DEC23DE2B2D79F800B6369A /* LaunchScreen.storyboard */; };
		5DEC23EB2B2D79F800B6369A /* QuizAppTests.swift in Sources */ = {isa = PBXBuildFile; fileRef = 5DEC23EA2B2D79F800B6369A /* QuizAppTests.swift */; };
		5DEC23F52B2D79F800B6369A /* QuizAppUITests.swift in Sources */ = {isa = PBXBuildFile; fileRef = 5DEC23F42B2D79F800B6369A /* QuizAppUITests.swift */; };
		5DEC23F72B2D79F800B6369A /* QuizAppUITestsLaunchTests.swift in Sources */ = {isa = PBXBuildFile; fileRef = 5DEC23F62B2D79F800B6369A /* QuizAppUITestsLaunchTests.swift */; };
/* End PBXBuildFile section */

/* Begin PBXContainerItemProxy section */
		5DEC23E72B2D79F800B6369A /* PBXContainerItemProxy */ = {
			isa = PBXContainerItemProxy;
			containerPortal = 5DEC23C82B2D79F700B6369A /* Project object */;
			proxyType = 1;
			remoteGlobalIDString = 5DEC23CF2B2D79F700B6369A;
			remoteInfo = QuizApp;
		};
		5DEC23F12B2D79F800B6369A /* PBXContainerItemProxy */ = {
			isa = PBXContainerItemProxy;
			containerPortal = 5DEC23C82B2D79F700B6369A /* Project object */;
			proxyType = 1;
			remoteGlobalIDString = 5DEC23CF2B2D79F700B6369A;
			remoteInfo = QuizApp;
		};
/* End PBXContainerItemProxy section */

/* Begin PBXFileReference section */
		5DC1BCDA2B2D7BD800A6C737 /* QuestionViewControllerTest.swift */ = {isa = PBXFileReference; lastKnownFileType = sourcecode.swift; path = QuestionViewControllerTest.swift; sourceTree = "<group>"; };
		5DC1BCDC2B2D7CEE00A6C737 /* QuestionViewController.swift */ = {isa = PBXFileReference; lastKnownFileType = sourcecode.swift; path = QuestionViewController.swift; sourceTree = "<group>"; };
		5DC1BCDE2B2D7DBD00A6C737 /* QuestionViewController.xib */ = {isa = PBXFileReference; lastKnownFileType = file.xib; path = QuestionViewController.xib; sourceTree = "<group>"; };
		5DEC23D02B2D79F700B6369A /* QuizApp.app */ = {isa = PBXFileReference; explicitFileType = wrapper.application; includeInIndex = 0; path = QuizApp.app; sourceTree = BUILT_PRODUCTS_DIR; };
		5DEC23D32B2D79F700B6369A /* AppDelegate.swift */ = {isa = PBXFileReference; lastKnownFileType = sourcecode.swift; path = AppDelegate.swift; sourceTree = "<group>"; };
		5DEC23DC2B2D79F800B6369A /* Assets.xcassets */ = {isa = PBXFileReference; lastKnownFileType = folder.assetcatalog; path = Assets.xcassets; sourceTree = "<group>"; };
		5DEC23DF2B2D79F800B6369A /* Base */ = {isa = PBXFileReference; lastKnownFileType = file.storyboard; name = Base; path = Base.lproj/LaunchScreen.storyboard; sourceTree = "<group>"; };
		5DEC23E12B2D79F800B6369A /* Info.plist */ = {isa = PBXFileReference; lastKnownFileType = text.plist.xml; path = Info.plist; sourceTree = "<group>"; };
		5DEC23E62B2D79F800B6369A /* QuizAppTests.xctest */ = {isa = PBXFileReference; explicitFileType = wrapper.cfbundle; includeInIndex = 0; path = QuizAppTests.xctest; sourceTree = BUILT_PRODUCTS_DIR; };
		5DEC23EA2B2D79F800B6369A /* QuizAppTests.swift */ = {isa = PBXFileReference; lastKnownFileType = sourcecode.swift; path = QuizAppTests.swift; sourceTree = "<group>"; };
		5DEC23F02B2D79F800B6369A /* QuizAppUITests.xctest */ = {isa = PBXFileReference; explicitFileType = wrapper.cfbundle; includeInIndex = 0; path = QuizAppUITests.xctest; sourceTree = BUILT_PRODUCTS_DIR; };
		5DEC23F42B2D79F800B6369A /* QuizAppUITests.swift */ = {isa = PBXFileReference; lastKnownFileType = sourcecode.swift; path = QuizAppUITests.swift; sourceTree = "<group>"; };
		5DEC23F62B2D79F800B6369A /* QuizAppUITestsLaunchTests.swift */ = {isa = PBXFileReference; lastKnownFileType = sourcecode.swift; path = QuizAppUITestsLaunchTests.swift; sourceTree = "<group>"; };
/* End PBXFileReference section */

/* Begin PBXFrameworksBuildPhase section */
		5DEC23CD2B2D79F700B6369A /* Frameworks */ = {
			isa = PBXFrameworksBuildPhase;
			buildActionMask = 2147483647;
			files = (
			);
			runOnlyForDeploymentPostprocessing = 0;
		};
		5DEC23E32B2D79F800B6369A /* Frameworks */ = {
			isa = PBXFrameworksBuildPhase;
			buildActionMask = 2147483647;
			files = (
			);
			runOnlyForDeploymentPostprocessing = 0;
		};
		5DEC23ED2B2D79F800B6369A /* Frameworks */ = {
			isa = PBXFrameworksBuildPhase;
			buildActionMask = 2147483647;
			files = (
			);
			runOnlyForDeploymentPostprocessing = 0;
		};
/* End PBXFrameworksBuildPhase section */

/* Begin PBXGroup section */
		5DEC23C72B2D79F700B6369A = {
			isa = PBXGroup;
			children = (
				5DEC23D22B2D79F700B6369A /* QuizApp */,
				5DEC23E92B2D79F800B6369A /* QuizAppTests */,
				5DEC23F32B2D79F800B6369A /* QuizAppUITests */,
				5DEC23D12B2D79F700B6369A /* Products */,
			);
			sourceTree = "<group>";
		};
		5DEC23D12B2D79F700B6369A /* Products */ = {
			isa = PBXGroup;
			children = (
				5DEC23D02B2D79F700B6369A /* QuizApp.app */,
				5DEC23E62B2D79F800B6369A /* QuizAppTests.xctest */,
				5DEC23F02B2D79F800B6369A /* QuizAppUITests.xctest */,
			);
			name = Products;
			sourceTree = "<group>";
		};
		5DEC23D22B2D79F700B6369A /* QuizApp */ = {
			isa = PBXGroup;
			children = (
				5DEC23D32B2D79F700B6369A /* AppDelegate.swift */,
				5DEC23DC2B2D79F800B6369A /* Assets.xcassets */,
				5DEC23DE2B2D79F800B6369A /* LaunchScreen.storyboard */,
				5DEC23E12B2D79F800B6369A /* Info.plist */,
				5DC1BCDC2B2D7CEE00A6C737 /* QuestionViewController.swift */,
				5DC1BCDE2B2D7DBD00A6C737 /* QuestionViewController.xib */,
			);
			path = QuizApp;
			sourceTree = "<group>";
		};
		5DEC23E92B2D79F800B6369A /* QuizAppTests */ = {
			isa = PBXGroup;
			children = (
				5DEC23EA2B2D79F800B6369A /* QuizAppTests.swift */,
				5DC1BCDA2B2D7BD800A6C737 /* QuestionViewControllerTest.swift */,
			);
			path = QuizAppTests;
			sourceTree = "<group>";
		};
		5DEC23F32B2D79F800B6369A /* QuizAppUITests */ = {
			isa = PBXGroup;
			children = (
				5DEC23F42B2D79F800B6369A /* QuizAppUITests.swift */,
				5DEC23F62B2D79F800B6369A /* QuizAppUITestsLaunchTests.swift */,
			);
			path = QuizAppUITests;
			sourceTree = "<group>";
		};
/* End PBXGroup section */

/* Begin PBXNativeTarget section */
		5DEC23CF2B2D79F700B6369A /* QuizApp */ = {
			isa = PBXNativeTarget;
			buildConfigurationList = 5DEC23FA2B2D79F800B6369A /* Build configuration list for PBXNativeTarget "QuizApp" */;
			buildPhases = (
				5DEC23CC2B2D79F700B6369A /* Sources */,
				5DEC23CD2B2D79F700B6369A /* Frameworks */,
				5DEC23CE2B2D79F700B6369A /* Resources */,
			);
			buildRules = (
			);
			dependencies = (
			);
			name = QuizApp;
			productName = QuizApp;
			productReference = 5DEC23D02B2D79F700B6369A /* QuizApp.app */;
			productType = "com.apple.product-type.application";
		};
		5DEC23E52B2D79F800B6369A /* QuizAppTests */ = {
			isa = PBXNativeTarget;
			buildConfigurationList = 5DEC23FD2B2D79F800B6369A /* Build configuration list for PBXNativeTarget "QuizAppTests" */;
			buildPhases = (
				5DEC23E22B2D79F800B6369A /* Sources */,
				5DEC23E32B2D79F800B6369A /* Frameworks */,
				5DEC23E42B2D79F800B6369A /* Resources */,
			);
			buildRules = (
			);
			dependencies = (
				5DEC23E82B2D79F800B6369A /* PBXTargetDependency */,
			);
			name = QuizAppTests;
			productName = QuizAppTests;
			productReference = 5DEC23E62B2D79F800B6369A /* QuizAppTests.xctest */;
			productType = "com.apple.product-type.bundle.unit-test";
		};
		5DEC23EF2B2D79F800B6369A /* QuizAppUITests */ = {
			isa = PBXNativeTarget;
			buildConfigurationList = 5DEC24002B2D79F800B6369A /* Build configuration list for PBXNativeTarget "QuizAppUITests" */;
			buildPhases = (
				5DEC23EC2B2D79F800B6369A /* Sources */,
				5DEC23ED2B2D79F800B6369A /* Frameworks */,
				5DEC23EE2B2D79F800B6369A /* Resources */,
			);
			buildRules = (
			);
			dependencies = (
				5DEC23F22B2D79F800B6369A /* PBXTargetDependency */,
			);
			name = QuizAppUITests;
			productName = QuizAppUITests;
			productReference = 5DEC23F02B2D79F800B6369A /* QuizAppUITests.xctest */;
			productType = "com.apple.product-type.bundle.ui-testing";
		};
/* End PBXNativeTarget section */

/* Begin PBXProject section */
		5DEC23C82B2D79F700B6369A /* Project object */ = {
			isa = PBXProject;
			attributes = {
				BuildIndependentTargetsInParallel = 1;
				LastSwiftUpdateCheck = 1500;
				LastUpgradeCheck = 1500;
				TargetAttributes = {
					5DEC23CF2B2D79F700B6369A = {
						CreatedOnToolsVersion = 15.0;
					};
					5DEC23E52B2D79F800B6369A = {
						CreatedOnToolsVersion = 15.0;
						TestTargetID = 5DEC23CF2B2D79F700B6369A;
					};
					5DEC23EF2B2D79F800B6369A = {
						CreatedOnToolsVersion = 15.0;
						TestTargetID = 5DEC23CF2B2D79F700B6369A;
					};
				};
			};
			buildConfigurationList = 5DEC23CB2B2D79F700B6369A /* Build configuration list for PBXProject "QuizApp" */;
			compatibilityVersion = "Xcode 14.0";
			developmentRegion = en;
			hasScannedForEncodings = 0;
			knownRegions = (
				en,
				Base,
			);
			mainGroup = 5DEC23C72B2D79F700B6369A;
			productRefGroup = 5DEC23D12B2D79F700B6369A /* Products */;
			projectDirPath = "";
			projectRoot = "";
			targets = (
				5DEC23CF2B2D79F700B6369A /* QuizApp */,
				5DEC23E52B2D79F800B6369A /* QuizAppTests */,
				5DEC23EF2B2D79F800B6369A /* QuizAppUITests */,
			);
		};
/* End PBXProject section */

/* Begin PBXResourcesBuildPhase section */
		5DEC23CE2B2D79F700B6369A /* Resources */ = {
			isa = PBXResourcesBuildPhase;
			buildActionMask = 2147483647;
			files = (
				5DEC23E02B2D79F800B6369A /* LaunchScreen.storyboard in Resources */,
				5DEC23DD2B2D79F800B6369A /* Assets.xcassets in Resources */,
				5DC1BCDF2B2D7DBD00A6C737 /* QuestionViewController.xib in Resources */,
			);
			runOnlyForDeploymentPostprocessing = 0;
		};
		5DEC23E42B2D79F800B6369A /* Resources */ = {
			isa = PBXResourcesBuildPhase;
			buildActionMask = 2147483647;
			files = (
			);
			runOnlyForDeploymentPostprocessing = 0;
		};
		5DEC23EE2B2D79F800B6369A /* Resources */ = {
			isa = PBXResourcesBuildPhase;
			buildActionMask = 2147483647;
			files = (
			);
			runOnlyForDeploymentPostprocessing = 0;
		};
/* End PBXResourcesBuildPhase section */

/* Begin PBXSourcesBuildPhase section */
		5DEC23CC2B2D79F700B6369A /* Sources */ = {
			isa = PBXSourcesBuildPhase;
			buildActionMask = 2147483647;
			files = (
				5DC1BCDD2B2D7CEE00A6C737 /* QuestionViewController.swift in Sources */,
				5DEC23D42B2D79F700B6369A /* AppDelegate.swift in Sources */,
			);
			runOnlyForDeploymentPostprocessing = 0;
		};
		5DEC23E22B2D79F800B6369A /* Sources */ = {
			isa = PBXSourcesBuildPhase;
			buildActionMask = 2147483647;
			files = (
				5DC1BCDB2B2D7BD800A6C737 /* QuestionViewControllerTest.swift in Sources */,
				5DEC23EB2B2D79F800B6369A /* QuizAppTests.swift in Sources */,
			);
			runOnlyForDeploymentPostprocessing = 0;
		};
		5DEC23EC2B2D79F800B6369A /* Sources */ = {
			isa = PBXSourcesBuildPhase;
			buildActionMask = 2147483647;
			files = (
				5DEC23F52B2D79F800B6369A /* QuizAppUITests.swift in Sources */,
				5DEC23F72B2D79F800B6369A /* QuizAppUITestsLaunchTests.swift in Sources */,
			);
			runOnlyForDeploymentPostprocessing = 0;
		};
/* End PBXSourcesBuildPhase section */

/* Begin PBXTargetDependency section */
		5DEC23E82B2D79F800B6369A /* PBXTargetDependency */ = {
			isa = PBXTargetDependency;
			target = 5DEC23CF2B2D79F700B6369A /* QuizApp */;
			targetProxy = 5DEC23E72B2D79F800B6369A /* PBXContainerItemProxy */;
		};
		5DEC23F22B2D79F800B6369A /* PBXTargetDependency */ = {
			isa = PBXTargetDependency;
			target = 5DEC23CF2B2D79F700B6369A /* QuizApp */;
			targetProxy = 5DEC23F12B2D79F800B6369A /* PBXContainerItemProxy */;
		};
/* End PBXTargetDependency section */

/* Begin PBXVariantGroup section */
		5DEC23DE2B2D79F800B6369A /* LaunchScreen.storyboard */ = {
			isa = PBXVariantGroup;
			children = (
				5DEC23DF2B2D79F800B6369A /* Base */,
			);
			name = LaunchScreen.storyboard;
			sourceTree = "<group>";
		};
/* End PBXVariantGroup section */

/* Begin XCBuildConfiguration section */
		5DEC23F82B2D79F800B6369A /* Debug */ = {
			isa = XCBuildConfiguration;
			buildSettings = {
				ALWAYS_SEARCH_USER_PATHS = NO;
				ASSETCATALOG_COMPILER_GENERATE_SWIFT_ASSET_SYMBOL_EXTENSIONS = YES;
				CLANG_ANALYZER_NONNULL = YES;
				CLANG_ANALYZER_NUMBER_OBJECT_CONVERSION = YES_AGGRESSIVE;
				CLANG_CXX_LANGUAGE_STANDARD = "gnu++20";
				CLANG_ENABLE_MODULES = YES;
				CLANG_ENABLE_OBJC_ARC = YES;
				CLANG_ENABLE_OBJC_WEAK = YES;
				CLANG_WARN_BLOCK_CAPTURE_AUTORELEASING = YES;
				CLANG_WARN_BOOL_CONVERSION = YES;
				CLANG_WARN_COMMA = YES;
				CLANG_WARN_CONSTANT_CONVERSION = YES;
				CLANG_WARN_DEPRECATED_OBJC_IMPLEMENTATIONS = YES;
				CLANG_WARN_DIRECT_OBJC_ISA_USAGE = YES_ERROR;
				CLANG_WARN_DOCUMENTATION_COMMENTS = YES;
				CLANG_WARN_EMPTY_BODY = YES;
				CLANG_WARN_ENUM_CONVERSION = YES;
				CLANG_WARN_INFINITE_RECURSION = YES;
				CLANG_WARN_INT_CONVERSION = YES;
				CLANG_WARN_NON_LITERAL_NULL_CONVERSION = YES;
				CLANG_WARN_OBJC_IMPLICIT_RETAIN_SELF = YES;
				CLANG_WARN_OBJC_LITERAL_CONVERSION = YES;
				CLANG_WARN_OBJC_ROOT_CLASS = YES_ERROR;
				CLANG_WARN_QUOTED_INCLUDE_IN_FRAMEWORK_HEADER = YES;
				CLANG_WARN_RANGE_LOOP_ANALYSIS = YES;
				CLANG_WARN_STRICT_PROTOTYPES = YES;
				CLANG_WARN_SUSPICIOUS_MOVE = YES;
				CLANG_WARN_UNGUARDED_AVAILABILITY = YES_AGGRESSIVE;
				CLANG_WARN_UNREACHABLE_CODE = YES;
				CLANG_WARN__DUPLICATE_METHOD_MATCH = YES;
				COPY_PHASE_STRIP = NO;
				DEBUG_INFORMATION_FORMAT = dwarf;
				ENABLE_STRICT_OBJC_MSGSEND = YES;
				ENABLE_TESTABILITY = YES;
				ENABLE_USER_SCRIPT_SANDBOXING = YES;
				GCC_C_LANGUAGE_STANDARD = gnu17;
				GCC_DYNAMIC_NO_PIC = NO;
				GCC_NO_COMMON_BLOCKS = YES;
				GCC_OPTIMIZATION_LEVEL = 0;
				GCC_PREPROCESSOR_DEFINITIONS = (
					"DEBUG=1",
					"$(inherited)",
				);
				GCC_WARN_64_TO_32_BIT_CONVERSION = YES;
				GCC_WARN_ABOUT_RETURN_TYPE = YES_ERROR;
				GCC_WARN_UNDECLARED_SELECTOR = YES;
				GCC_WARN_UNINITIALIZED_AUTOS = YES_AGGRESSIVE;
				GCC_WARN_UNUSED_FUNCTION = YES;
				GCC_WARN_UNUSED_VARIABLE = YES;
				IPHONEOS_DEPLOYMENT_TARGET = 13.0;
				LOCALIZATION_PREFERS_STRING_CATALOGS = YES;
				MTL_ENABLE_DEBUG_INFO = INCLUDE_SOURCE;
				MTL_FAST_MATH = YES;
				ONLY_ACTIVE_ARCH = YES;
				SDKROOT = iphoneos;
				SWIFT_ACTIVE_COMPILATION_CONDITIONS = "DEBUG $(inherited)";
				SWIFT_OPTIMIZATION_LEVEL = "-Onone";
			};
			name = Debug;
		};
		5DEC23F92B2D79F800B6369A /* Release */ = {
			isa = XCBuildConfiguration;
			buildSettings = {
				ALWAYS_SEARCH_USER_PATHS = NO;
				ASSETCATALOG_COMPILER_GENERATE_SWIFT_ASSET_SYMBOL_EXTENSIONS = YES;
				CLANG_ANALYZER_NONNULL = YES;
				CLANG_ANALYZER_NUMBER_OBJECT_CONVERSION = YES_AGGRESSIVE;
				CLANG_CXX_LANGUAGE_STANDARD = "gnu++20";
				CLANG_ENABLE_MODULES = YES;
				CLANG_ENABLE_OBJC_ARC = YES;
				CLANG_ENABLE_OBJC_WEAK = YES;
				CLANG_WARN_BLOCK_CAPTURE_AUTORELEASING = YES;
				CLANG_WARN_BOOL_CONVERSION = YES;
				CLANG_WARN_COMMA = YES;
				CLANG_WARN_CONSTANT_CONVERSION = YES;
				CLANG_WARN_DEPRECATED_OBJC_IMPLEMENTATIONS = YES;
				CLANG_WARN_DIRECT_OBJC_ISA_USAGE = YES_ERROR;
				CLANG_WARN_DOCUMENTATION_COMMENTS = YES;
				CLANG_WARN_EMPTY_BODY = YES;
				CLANG_WARN_ENUM_CONVERSION = YES;
				CLANG_WARN_INFINITE_RECURSION = YES;
				CLANG_WARN_INT_CONVERSION = YES;
				CLANG_WARN_NON_LITERAL_NULL_CONVERSION = YES;
				CLANG_WARN_OBJC_IMPLICIT_RETAIN_SELF = YES;
				CLANG_WARN_OBJC_LITERAL_CONVERSION = YES;
				CLANG_WARN_OBJC_ROOT_CLASS = YES_ERROR;
				CLANG_WARN_QUOTED_INCLUDE_IN_FRAMEWORK_HEADER = YES;
				CLANG_WARN_RANGE_LOOP_ANALYSIS = YES;
				CLANG_WARN_STRICT_PROTOTYPES = YES;
				CLANG_WARN_SUSPICIOUS_MOVE = YES;
				CLANG_WARN_UNGUARDED_AVAILABILITY = YES_AGGRESSIVE;
				CLANG_WARN_UNREACHABLE_CODE = YES;
				CLANG_WARN__DUPLICATE_METHOD_MATCH = YES;
				COPY_PHASE_STRIP = NO;
				DEBUG_INFORMATION_FORMAT = "dwarf-with-dsym";
				ENABLE_NS_ASSERTIONS = NO;
				ENABLE_STRICT_OBJC_MSGSEND = YES;
				ENABLE_USER_SCRIPT_SANDBOXING = YES;
				GCC_C_LANGUAGE_STANDARD = gnu17;
				GCC_NO_COMMON_BLOCKS = YES;
				GCC_WARN_64_TO_32_BIT_CONVERSION = YES;
				GCC_WARN_ABOUT_RETURN_TYPE = YES_ERROR;
				GCC_WARN_UNDECLARED_SELECTOR = YES;
				GCC_WARN_UNINITIALIZED_AUTOS = YES_AGGRESSIVE;
				GCC_WARN_UNUSED_FUNCTION = YES;
				GCC_WARN_UNUSED_VARIABLE = YES;
				IPHONEOS_DEPLOYMENT_TARGET = 13.0;
				LOCALIZATION_PREFERS_STRING_CATALOGS = YES;
				MTL_ENABLE_DEBUG_INFO = NO;
				MTL_FAST_MATH = YES;
				SDKROOT = iphoneos;
				SWIFT_COMPILATION_MODE = wholemodule;
				VALIDATE_PRODUCT = YES;
			};
			name = Release;
		};
		5DEC23FB2B2D79F800B6369A /* Debug */ = {
			isa = XCBuildConfiguration;
			buildSettings = {
				ASSETCATALOG_COMPILER_APPICON_NAME = AppIcon;
				ASSETCATALOG_COMPILER_GLOBAL_ACCENT_COLOR_NAME = AccentColor;
				CODE_SIGN_STYLE = Automatic;
				CURRENT_PROJECT_VERSION = 1;
				DEVELOPMENT_TEAM = PQ6A477B6S;
				GENERATE_INFOPLIST_FILE = YES;
				INFOPLIST_FILE = QuizApp/Info.plist;
				INFOPLIST_KEY_UIApplicationSupportsIndirectInputEvents = YES;
				INFOPLIST_KEY_UILaunchStoryboardName = LaunchScreen.storyboard;
				INFOPLIST_KEY_UISupportedInterfaceOrientations = UIInterfaceOrientationPortrait;
				IPHONEOS_DEPLOYMENT_TARGET = 13.0;
				LD_RUNPATH_SEARCH_PATHS = (
					"$(inherited)",
					"@executable_path/Frameworks",
				);
				MARKETING_VERSION = 1.0;
				PRODUCT_BUNDLE_IDENTIFIER = com.xplodig.QuizApp;
				PRODUCT_NAME = "$(TARGET_NAME)";
				SWIFT_EMIT_LOC_STRINGS = YES;
				SWIFT_VERSION = 5.0;
				TARGETED_DEVICE_FAMILY = "1,2";
			};
			name = Debug;
		};
		5DEC23FC2B2D79F800B6369A /* Release */ = {
			isa = XCBuildConfiguration;
			buildSettings = {
				ASSETCATALOG_COMPILER_APPICON_NAME = AppIcon;
				ASSETCATALOG_COMPILER_GLOBAL_ACCENT_COLOR_NAME = AccentColor;
				CODE_SIGN_STYLE = Automatic;
				CURRENT_PROJECT_VERSION = 1;
				DEVELOPMENT_TEAM = PQ6A477B6S;
				GENERATE_INFOPLIST_FILE = YES;
				INFOPLIST_FILE = QuizApp/Info.plist;
				INFOPLIST_KEY_UIApplicationSupportsIndirectInputEvents = YES;
				INFOPLIST_KEY_UILaunchStoryboardName = LaunchScreen.storyboard;
				INFOPLIST_KEY_UISupportedInterfaceOrientations = UIInterfaceOrientationPortrait;
				IPHONEOS_DEPLOYMENT_TARGET = 13.0;
				LD_RUNPATH_SEARCH_PATHS = (
					"$(inherited)",
					"@executable_path/Frameworks",
				);
				MARKETING_VERSION = 1.0;
				PRODUCT_BUNDLE_IDENTIFIER = com.xplodig.QuizApp;
				PRODUCT_NAME = "$(TARGET_NAME)";
				SWIFT_EMIT_LOC_STRINGS = YES;
				SWIFT_VERSION = 5.0;
				TARGETED_DEVICE_FAMILY = "1,2";
			};
			name = Release;
		};
		5DEC23FE2B2D79F800B6369A /* Debug */ = {
			isa = XCBuildConfiguration;
			buildSettings = {
				ALWAYS_EMBED_SWIFT_STANDARD_LIBRARIES = YES;
				BUNDLE_LOADER = "$(TEST_HOST)";
				CODE_SIGN_STYLE = Automatic;
				CURRENT_PROJECT_VERSION = 1;
				DEVELOPMENT_TEAM = 9L4JF9DK24;
				GENERATE_INFOPLIST_FILE = YES;
				IPHONEOS_DEPLOYMENT_TARGET = 13.0;
				MARKETING_VERSION = 1.0;
				PRODUCT_BUNDLE_IDENTIFIER = com.xplodig.QuizAppTests;
				PRODUCT_NAME = "$(TARGET_NAME)";
				SWIFT_EMIT_LOC_STRINGS = NO;
				SWIFT_VERSION = 5.0;
				TARGETED_DEVICE_FAMILY = "1,2";
				TEST_HOST = "$(BUILT_PRODUCTS_DIR)/QuizApp.app/$(BUNDLE_EXECUTABLE_FOLDER_PATH)/QuizApp";
			};
			name = Debug;
		};
		5DEC23FF2B2D79F800B6369A /* Release */ = {
			isa = XCBuildConfiguration;
			buildSettings = {
				ALWAYS_EMBED_SWIFT_STANDARD_LIBRARIES = YES;
				BUNDLE_LOADER = "$(TEST_HOST)";
				CODE_SIGN_STYLE = Automatic;
				CURRENT_PROJECT_VERSION = 1;
				DEVELOPMENT_TEAM = 9L4JF9DK24;
				GENERATE_INFOPLIST_FILE = YES;
				IPHONEOS_DEPLOYMENT_TARGET = 13.0;
				MARKETING_VERSION = 1.0;
				PRODUCT_BUNDLE_IDENTIFIER = com.xplodig.QuizAppTests;
				PRODUCT_NAME = "$(TARGET_NAME)";
				SWIFT_EMIT_LOC_STRINGS = NO;
				SWIFT_VERSION = 5.0;
				TARGETED_DEVICE_FAMILY = "1,2";
				TEST_HOST = "$(BUILT_PRODUCTS_DIR)/QuizApp.app/$(BUNDLE_EXECUTABLE_FOLDER_PATH)/QuizApp";
			};
			name = Release;
		};
		5DEC24012B2D79F800B6369A /* Debug */ = {
			isa = XCBuildConfiguration;
			buildSettings = {
				ALWAYS_EMBED_SWIFT_STANDARD_LIBRARIES = YES;
				CODE_SIGN_STYLE = Automatic;
				CURRENT_PROJECT_VERSION = 1;
				DEVELOPMENT_TEAM = 9L4JF9DK24;
				GENERATE_INFOPLIST_FILE = YES;
				MARKETING_VERSION = 1.0;
				PRODUCT_BUNDLE_IDENTIFIER = com.xplodig.QuizAppUITests;
				PRODUCT_NAME = "$(TARGET_NAME)";
				SWIFT_EMIT_LOC_STRINGS = NO;
				SWIFT_VERSION = 5.0;
				TARGETED_DEVICE_FAMILY = "1,2";
				TEST_TARGET_NAME = QuizApp;
			};
			name = Debug;
		};
		5DEC24022B2D79F800B6369A /* Release */ = {
			isa = XCBuildConfiguration;
			buildSettings = {
				ALWAYS_EMBED_SWIFT_STANDARD_LIBRARIES = YES;
				CODE_SIGN_STYLE = Automatic;
				CURRENT_PROJECT_VERSION = 1;
				DEVELOPMENT_TEAM = 9L4JF9DK24;
				GENERATE_INFOPLIST_FILE = YES;
				MARKETING_VERSION = 1.0;
				PRODUCT_BUNDLE_IDENTIFIER = com.xplodig.QuizAppUITests;
				PRODUCT_NAME = "$(TARGET_NAME)";
				SWIFT_EMIT_LOC_STRINGS = NO;
				SWIFT_VERSION = 5.0;
				TARGETED_DEVICE_FAMILY = "1,2";
				TEST_TARGET_NAME = QuizApp;
			};
			name = Release;
		};
/* End XCBuildConfiguration section */

/* Begin XCConfigurationList section */
		5DEC23CB2B2D79F700B6369A /* Build configuration list for PBXProject "QuizApp" */ = {
			isa = XCConfigurationList;
			buildConfigurations = (
				5DEC23F82B2D79F800B6369A /* Debug */,
				5DEC23F92B2D79F800B6369A /* Release */,
			);
			defaultConfigurationIsVisible = 0;
			defaultConfigurationName = Release;
		};
		5DEC23FA2B2D79F800B6369A /* Build configuration list for PBXNativeTarget "QuizApp" */ = {
			isa = XCConfigurationList;
			buildConfigurations = (
				5DEC23FB2B2D79F800B6369A /* Debug */,
				5DEC23FC2B2D79F800B6369A /* Release */,
			);
			defaultConfigurationIsVisible = 0;
			defaultConfigurationName = Release;
		};
		5DEC23FD2B2D79F800B6369A /* Build configuration list for PBXNativeTarget "QuizAppTests" */ = {
			isa = XCConfigurationList;
			buildConfigurations = (
				5DEC23FE2B2D79F800B6369A /* Debug */,
				5DEC23FF2B2D79F800B6369A /* Release */,
			);
			defaultConfigurationIsVisible = 0;
			defaultConfigurationName = Release;
		};
		5DEC24002B2D79F800B6369A /* Build configuration list for PBXNativeTarget "QuizAppUITests" */ = {
			isa = XCConfigurationList;
			buildConfigurations = (
				5DEC24012B2D79F800B6369A /* Debug */,
				5DEC24022B2D79F800B6369A /* Release */,
			);
			defaultConfigurationIsVisible = 0;
			defaultConfigurationName = Release;
		};
/* End XCConfigurationList section */
	};
	rootObject = 5DEC23C82B2D79F700B6369A /* Project object */;
}
